{
  "name": "uni-template",
  "version": "1.0.0",
  "lockfileVersion": 1,
  "requires": true,
  "dependencies": {
    "dayjs": {
      "version": "1.8.34",
      "resolved": "https://registry.npm.taobao.org/dayjs/download/dayjs-1.8.34.tgz?cache=0&sync_timestamp=1597892638536&other_urls=https%3A%2F%2Fregistry.npm.taobao.org%2Fdayjs%2Fdownload%2Fdayjs-1.8.34.tgz",
      "integrity": "sha1-060zzEPWsPJMuGhrkKrSxlNwgGk="
    }
  }
}
